
Microsoft Visual Studio Solution File, Format Version 12.00
# Visual Studio Version 17
VisualStudioVersion = 17.8.34408.163
MinimumVisualStudioVersion = 10.0.40219.1
Project("{FAE04EC0-301F-11D3-BF4B-00C04F79EFBC}") = "BloodBankManagmentSystem", "BloodBankManagmentSystem\BloodBankManagmentSystem.csproj", "{FC67944F-3088-464D-AFCB-E643579ABB8E}"
EndProject
Project("{2150E333-8FDC-42A3-9474-1A3956D46DE8}") = "Solution Items", "Solution Items", "{25638D39-687C-43A2-91E9-B68F93620259}"
	ProjectSection(SolutionItems) = preProject
		.editorconfig = .editorconfig
	EndProjectSection
EndProject
Global
	GlobalSection(SolutionConfigurationPlatforms) = preSolution
		Debug|Any CPU = Debug|Any CPU
		Release|Any CPU = Release|Any CPU
	EndGlobalSection
	GlobalSection(ProjectConfigurationPlatforms) = postSolution
		{FC67944F-3088-464D-AFCB-E643579ABB8E}.Debug|Any CPU.ActiveCfg = Debug|Any CPU
		{FC67944F-3088-464D-AFCB-E643579ABB8E}.Debug|Any CPU.Build.0 = Debug|Any CPU
		{FC67944F-3088-464D-AFCB-E643579ABB8E}.Release|Any CPU.ActiveCfg = Release|Any CPU
		{FC67944F-3088-464D-AFCB-E643579ABB8E}.Release|Any CPU.Build.0 = Release|Any CPU
	EndGlobalSection
	GlobalSection(SolutionProperties) = preSolution
		HideSolutionNode = FALSE
	EndGlobalSection
	GlobalSection(ExtensibilityGlobals) = postSolution
		SolutionGuid = {3D460015-C5BB-4839-BABD-9B2E22B689BC}
	EndGlobalSection
EndGlobal
